// !$*UTF8*$!
{
	archiveVersion = 1;
	classes = {
	};
	objectVersion = 60;
	objects = {

/* Begin PBXBuildFile section */
		B4342C912BB9A6E7004D109A /* Alamofire in Frameworks */ = {isa = PBXBuildFile; productRef = B4342C902BB9A6E7004D109A /* Alamofire */; };
		B4342C932BB9A6EF004D109A /* Alamofire in Frameworks */ = {isa = PBXBuildFile; productRef = B4342C922BB9A6EF004D109A /* Alamofire */; };
		B4342C952BB9A6F4004D109A /* Alamofire in Frameworks */ = {isa = PBXBuildFile; productRef = B4342C942BB9A6F4004D109A /* Alamofire */; };
		B4342C972BB9A87D004D109A /* DeeplinkManager.swift in Sources */ = {isa = PBXBuildFile; fileRef = B4342C962BB9A87D004D109A /* DeeplinkManager.swift */; };
		B4342C992BB9AC1F004D109A /* MainViewControllerWithTableView.swift in Sources */ = {isa = PBXBuildFile; fileRef = B4342C982BB9AC1F004D109A /* MainViewControllerWithTableView.swift */; };
		B4342C9B2BB9AD1B004D109A /* TableCell.swift in Sources */ = {isa = PBXBuildFile; fileRef = B4342C9A2BB9AD1B004D109A /* TableCell.swift */; };
		B4342C9D2BB9AD8F004D109A /* TableHeader.swift in Sources */ = {isa = PBXBuildFile; fileRef = B4342C9C2BB9AD8F004D109A /* TableHeader.swift */; };
		B45029622BB9C98C00E3E6C8 /* SplashScreenView.swift in Sources */ = {isa = PBXBuildFile; fileRef = B45029612BB9C98C00E3E6C8 /* SplashScreenView.swift */; };
		B45029642BB9C9B900E3E6C8 /* Background.swift in Sources */ = {isa = PBXBuildFile; fileRef = B45029632BB9C9B900E3E6C8 /* Background.swift */; };
		B46CA7132BB838A100B1221D /* AppDelegate.swift in Sources */ = {isa = PBXBuildFile; fileRef = B46CA7122BB838A100B1221D /* AppDelegate.swift */; };
		B46CA7152BB838A100B1221D /* SceneDelegate.swift in Sources */ = {isa = PBXBuildFile; fileRef = B46CA7142BB838A100B1221D /* SceneDelegate.swift */; };
		B46CA7172BB838A100B1221D /* MainViewController.swift in Sources */ = {isa = PBXBuildFile; fileRef = B46CA7162BB838A100B1221D /* MainViewController.swift */; };
		B46CA71C2BB838A600B1221D /* Assets.xcassets in Resources */ = {isa = PBXBuildFile; fileRef = B46CA71B2BB838A600B1221D /* Assets.xcassets */; };
		B46CA71F2BB838A600B1221D /* LaunchScreen.storyboard in Resources */ = {isa = PBXBuildFile; fileRef = B46CA71D2BB838A600B1221D /* LaunchScreen.storyboard */; };
		B46CA72A2BB838A700B1221D /* UlaServiceAppTests.swift in Sources */ = {isa = PBXBuildFile; fileRef = B46CA7292BB838A700B1221D /* UlaServiceAppTests.swift */; };
		B46CA7342BB838A700B1221D /* UlaServiceAppUITests.swift in Sources */ = {isa = PBXBuildFile; fileRef = B46CA7332BB838A700B1221D /* UlaServiceAppUITests.swift */; };
		B46CA7362BB838A700B1221D /* UlaServiceAppUITestsLaunchTests.swift in Sources */ = {isa = PBXBuildFile; fileRef = B46CA7352BB838A700B1221D /* UlaServiceAppUITestsLaunchTests.swift */; };
		B46CA7492BB83B1200B1221D /* MainProtocols.swift in Sources */ = {isa = PBXBuildFile; fileRef = B46CA7482BB83B1200B1221D /* MainProtocols.swift */; };
		B46CA74F2BB83B4800B1221D /* MainAssembly.swift in Sources */ = {isa = PBXBuildFile; fileRef = B46CA74E2BB83B4800B1221D /* MainAssembly.swift */; };
		B46CA7532BB83B7300B1221D /* MainPresenter.swift in Sources */ = {isa = PBXBuildFile; fileRef = B46CA7522BB83B7300B1221D /* MainPresenter.swift */; };
		B46CA7562BB83B9C00B1221D /* MainViewModel.swift in Sources */ = {isa = PBXBuildFile; fileRef = B46CA7552BB83B9C00B1221D /* MainViewModel.swift */; };
		B46CA7582BB83C0200B1221D /* MainNetworkResponse.swift in Sources */ = {isa = PBXBuildFile; fileRef = B46CA7572BB83C0200B1221D /* MainNetworkResponse.swift */; };
		B46CA75B2BB83C3900B1221D /* MainNetworkConstants.swift in Sources */ = {isa = PBXBuildFile; fileRef = B46CA75A2BB83C3900B1221D /* MainNetworkConstants.swift */; };
		B46CA75D2BB83C4F00B1221D /* Constants.swift in Sources */ = {isa = PBXBuildFile; fileRef = B46CA75C2BB83C4F00B1221D /* Constants.swift */; };
		B46CA7652BB83EBF00B1221D /* MainManager.swift in Sources */ = {isa = PBXBuildFile; fileRef = B46CA74B2BB83B3000B1221D /* MainManager.swift */; };
		B46CA7712BB8572500B1221D /* Kingfisher in Frameworks */ = {isa = PBXBuildFile; productRef = B46CA7702BB8572500B1221D /* Kingfisher */; };
/* End PBXBuildFile section */

/* Begin PBXContainerItemProxy section */
		B46CA7262BB838A700B1221D /* PBXContainerItemProxy */ = {
			isa = PBXContainerItemProxy;
			containerPortal = B46CA7072BB838A100B1221D /* Project object */;
			proxyType = 1;
			remoteGlobalIDString = B46CA70E2BB838A100B1221D;
			remoteInfo = UlaServiceApp;
		};
		B46CA7302BB838A700B1221D /* PBXContainerItemProxy */ = {
			isa = PBXContainerItemProxy;
			containerPortal = B46CA7072BB838A100B1221D /* Project object */;
			proxyType = 1;
			remoteGlobalIDString = B46CA70E2BB838A100B1221D;
			remoteInfo = UlaServiceApp;
		};
/* End PBXContainerItemProxy section */

/* Begin PBXCopyFilesBuildPhase section */
		B4342C8B2BB9A321004D109A /* Embed Frameworks */ = {
			isa = PBXCopyFilesBuildPhase;
			buildActionMask = 2147483647;
			dstPath = "";
			dstSubfolderSpec = 10;
			files = (
			);
			name = "Embed Frameworks";
			runOnlyForDeploymentPostprocessing = 0;
		};
/* End PBXCopyFilesBuildPhase section */

/* Begin PBXFileReference section */
		B4342C962BB9A87D004D109A /* DeeplinkManager.swift */ = {isa = PBXFileReference; lastKnownFileType = sourcecode.swift; path = DeeplinkManager.swift; sourceTree = "<group>"; };
		B4342C982BB9AC1F004D109A /* MainViewControllerWithTableView.swift */ = {isa = PBXFileReference; lastKnownFileType = sourcecode.swift; path = MainViewControllerWithTableView.swift; sourceTree = "<group>"; };
		B4342C9A2BB9AD1B004D109A /* TableCell.swift */ = {isa = PBXFileReference; lastKnownFileType = sourcecode.swift; path = TableCell.swift; sourceTree = "<group>"; };
		B4342C9C2BB9AD8F004D109A /* TableHeader.swift */ = {isa = PBXFileReference; lastKnownFileType = sourcecode.swift; path = TableHeader.swift; sourceTree = "<group>"; };
		B45029612BB9C98C00E3E6C8 /* SplashScreenView.swift */ = {isa = PBXFileReference; lastKnownFileType = sourcecode.swift; path = SplashScreenView.swift; sourceTree = "<group>"; };
		B45029632BB9C9B900E3E6C8 /* Background.swift */ = {isa = PBXFileReference; lastKnownFileType = sourcecode.swift; path = Background.swift; sourceTree = "<group>"; };
		B46CA70F2BB838A100B1221D /* UlaServiceApp.app */ = {isa = PBXFileReference; explicitFileType = wrapper.application; includeInIndex = 0; path = UlaServiceApp.app; sourceTree = BUILT_PRODUCTS_DIR; };
		B46CA7122BB838A100B1221D /* AppDelegate.swift */ = {isa = PBXFileReference; lastKnownFileType = sourcecode.swift; path = AppDelegate.swift; sourceTree = "<group>"; };
		B46CA7142BB838A100B1221D /* SceneDelegate.swift */ = {isa = PBXFileReference; lastKnownFileType = sourcecode.swift; path = SceneDelegate.swift; sourceTree = "<group>"; };
		B46CA7162BB838A100B1221D /* MainViewController.swift */ = {isa = PBXFileReference; lastKnownFileType = sourcecode.swift; path = MainViewController.swift; sourceTree = "<group>"; };
		B46CA71B2BB838A600B1221D /* Assets.xcassets */ = {isa = PBXFileReference; lastKnownFileType = folder.assetcatalog; path = Assets.xcassets; sourceTree = "<group>"; };
		B46CA71E2BB838A600B1221D /* Base */ = {isa = PBXFileReference; lastKnownFileType = file.storyboard; name = Base; path = Base.lproj/LaunchScreen.storyboard; sourceTree = "<group>"; };
		B46CA7202BB838A600B1221D /* Info.plist */ = {isa = PBXFileReference; lastKnownFileType = text.plist.xml; name = Info.plist; path = "UlaServiceApp/Supporting Files/Info.plist"; sourceTree = SOURCE_ROOT; };
		B46CA7252BB838A700B1221D /* UlaServiceAppTests.xctest */ = {isa = PBXFileReference; explicitFileType = wrapper.cfbundle; includeInIndex = 0; path = UlaServiceAppTests.xctest; sourceTree = BUILT_PRODUCTS_DIR; };
		B46CA7292BB838A700B1221D /* UlaServiceAppTests.swift */ = {isa = PBXFileReference; lastKnownFileType = sourcecode.swift; path = UlaServiceAppTests.swift; sourceTree = "<group>"; };
		B46CA72F2BB838A700B1221D /* UlaServiceAppUITests.xctest */ = {isa = PBXFileReference; explicitFileType = wrapper.cfbundle; includeInIndex = 0; path = UlaServiceAppUITests.xctest; sourceTree = BUILT_PRODUCTS_DIR; };
		B46CA7332BB838A700B1221D /* UlaServiceAppUITests.swift */ = {isa = PBXFileReference; lastKnownFileType = sourcecode.swift; path = UlaServiceAppUITests.swift; sourceTree = "<group>"; };
		B46CA7352BB838A700B1221D /* UlaServiceAppUITestsLaunchTests.swift */ = {isa = PBXFileReference; lastKnownFileType = sourcecode.swift; path = UlaServiceAppUITestsLaunchTests.swift; sourceTree = "<group>"; };
		B46CA7482BB83B1200B1221D /* MainProtocols.swift */ = {isa = PBXFileReference; lastKnownFileType = sourcecode.swift; path = MainProtocols.swift; sourceTree = "<group>"; };
		B46CA74B2BB83B3000B1221D /* MainManager.swift */ = {isa = PBXFileReference; lastKnownFileType = sourcecode.swift; path = MainManager.swift; sourceTree = "<group>"; };
		B46CA74E2BB83B4800B1221D /* MainAssembly.swift */ = {isa = PBXFileReference; lastKnownFileType = sourcecode.swift; path = MainAssembly.swift; sourceTree = "<group>"; };
		B46CA7522BB83B7300B1221D /* MainPresenter.swift */ = {isa = PBXFileReference; lastKnownFileType = sourcecode.swift; path = MainPresenter.swift; sourceTree = "<group>"; };
		B46CA7552BB83B9C00B1221D /* MainViewModel.swift */ = {isa = PBXFileReference; lastKnownFileType = sourcecode.swift; path = MainViewModel.swift; sourceTree = "<group>"; };
		B46CA7572BB83C0200B1221D /* MainNetworkResponse.swift */ = {isa = PBXFileReference; lastKnownFileType = sourcecode.swift; path = MainNetworkResponse.swift; sourceTree = "<group>"; };
		B46CA75A2BB83C3900B1221D /* MainNetworkConstants.swift */ = {isa = PBXFileReference; lastKnownFileType = sourcecode.swift; path = MainNetworkConstants.swift; sourceTree = "<group>"; };
		B46CA75C2BB83C4F00B1221D /* Constants.swift */ = {isa = PBXFileReference; lastKnownFileType = sourcecode.swift; path = Constants.swift; sourceTree = "<group>"; };
/* End PBXFileReference section */

/* Begin PBXFrameworksBuildPhase section */
		B46CA70C2BB838A100B1221D /* Frameworks */ = {
			isa = PBXFrameworksBuildPhase;
			buildActionMask = 2147483647;
			files = (
				B46CA7712BB8572500B1221D /* Kingfisher in Frameworks */,
				B4342C912BB9A6E7004D109A /* Alamofire in Frameworks */,
			);
			runOnlyForDeploymentPostprocessing = 0;
		};
		B46CA7222BB838A700B1221D /* Frameworks */ = {
			isa = PBXFrameworksBuildPhase;
			buildActionMask = 2147483647;
			files = (
				B4342C932BB9A6EF004D109A /* Alamofire in Frameworks */,
			);
			runOnlyForDeploymentPostprocessing = 0;
		};
		B46CA72C2BB838A700B1221D /* Frameworks */ = {
			isa = PBXFrameworksBuildPhase;
			buildActionMask = 2147483647;
			files = (
				B4342C952BB9A6F4004D109A /* Alamofire in Frameworks */,
			);
			runOnlyForDeploymentPostprocessing = 0;
		};
/* End PBXFrameworksBuildPhase section */

/* Begin PBXGroup section */
		B4342C882BB9A321004D109A /* Frameworks */ = {
			isa = PBXGroup;
			children = (
			);
			name = Frameworks;
			sourceTree = "<group>";
		};
		B45029652BB9C9C400E3E6C8 /* SplashModule */ = {
			isa = PBXGroup;
			children = (
				B45029612BB9C98C00E3E6C8 /* SplashScreenView.swift */,
				B45029632BB9C9B900E3E6C8 /* Background.swift */,
			);
			path = SplashModule;
			sourceTree = "<group>";
		};
		B46CA7062BB838A100B1221D = {
			isa = PBXGroup;
			children = (
				B46CA7112BB838A100B1221D /* UlaServiceApp */,
				B46CA7282BB838A700B1221D /* UlaServiceAppTests */,
				B46CA7322BB838A700B1221D /* UlaServiceAppUITests */,
				B46CA7102BB838A100B1221D /* Products */,
				B4342C882BB9A321004D109A /* Frameworks */,
			);
			sourceTree = "<group>";
		};
		B46CA7102BB838A100B1221D /* Products */ = {
			isa = PBXGroup;
			children = (
				B46CA70F2BB838A100B1221D /* UlaServiceApp.app */,
				B46CA7252BB838A700B1221D /* UlaServiceAppTests.xctest */,
				B46CA72F2BB838A700B1221D /* UlaServiceAppUITests.xctest */,
			);
			name = Products;
			sourceTree = "<group>";
		};
		B46CA7112BB838A100B1221D /* UlaServiceApp */ = {
			isa = PBXGroup;
			children = (
				B46CA7432BB8391800B1221D /* Application */,
				B46CA7442BB8392400B1221D /* Modules */,
				B46CA7422BB838C300B1221D /* Supporting Files */,
			);
			path = UlaServiceApp;
			sourceTree = "<group>";
		};
		B46CA7282BB838A700B1221D /* UlaServiceAppTests */ = {
			isa = PBXGroup;
			children = (
				B46CA7292BB838A700B1221D /* UlaServiceAppTests.swift */,
			);
			path = UlaServiceAppTests;
			sourceTree = "<group>";
		};
		B46CA7322BB838A700B1221D /* UlaServiceAppUITests */ = {
			isa = PBXGroup;
			children = (
				B46CA7332BB838A700B1221D /* UlaServiceAppUITests.swift */,
				B46CA7352BB838A700B1221D /* UlaServiceAppUITestsLaunchTests.swift */,
			);
			path = UlaServiceAppUITests;
			sourceTree = "<group>";
		};
		B46CA7422BB838C300B1221D /* Supporting Files */ = {
			isa = PBXGroup;
			children = (
				B46CA71D2BB838A600B1221D /* LaunchScreen.storyboard */,
				B46CA7202BB838A600B1221D /* Info.plist */,
				B46CA71B2BB838A600B1221D /* Assets.xcassets */,
				B4342C962BB9A87D004D109A /* DeeplinkManager.swift */,
			);
			path = "Supporting Files";
			sourceTree = "<group>";
		};
		B46CA7432BB8391800B1221D /* Application */ = {
			isa = PBXGroup;
			children = (
				B46CA7122BB838A100B1221D /* AppDelegate.swift */,
				B46CA7142BB838A100B1221D /* SceneDelegate.swift */,
			);
			path = Application;
			sourceTree = "<group>";
		};
		B46CA7442BB8392400B1221D /* Modules */ = {
			isa = PBXGroup;
			children = (
				B45029652BB9C9C400E3E6C8 /* SplashModule */,
				B46CA7452BB8393400B1221D /* MainModule */,
			);
			path = Modules;
			sourceTree = "<group>";
		};
		B46CA7452BB8393400B1221D /* MainModule */ = {
			isa = PBXGroup;
			children = (
				B46CA74A2BB83B2200B1221D /* Network */,
				B46CA7542BB83B7D00B1221D /* Models */,
				B46CA7462BB8394F00B1221D /* ViewController */,
				B46CA7512BB83B6400B1221D /* Presenter */,
				B46CA74D2BB83B3900B1221D /* Assembly */,
				B46CA7472BB83B0200B1221D /* Protocols */,
				B46CA7502BB83B4D00B1221D /* Subviews and Cells */,
				B46CA76E2BB841EF00B1221D /* MainModuleConstants */,
			);
			path = MainModule;
			sourceTree = "<group>";
		};
		B46CA7462BB8394F00B1221D /* ViewController */ = {
			isa = PBXGroup;
			children = (
				B46CA7162BB838A100B1221D /* MainViewController.swift */,
				B4342C982BB9AC1F004D109A /* MainViewControllerWithTableView.swift */,
			);
			path = ViewController;
			sourceTree = "<group>";
		};
		B46CA7472BB83B0200B1221D /* Protocols */ = {
			isa = PBXGroup;
			children = (
				B46CA7482BB83B1200B1221D /* MainProtocols.swift */,
			);
			path = Protocols;
			sourceTree = "<group>";
		};
		B46CA74A2BB83B2200B1221D /* Network */ = {
			isa = PBXGroup;
			children = (
				B46CA74B2BB83B3000B1221D /* MainManager.swift */,
				B46CA7572BB83C0200B1221D /* MainNetworkResponse.swift */,
			);
			path = Network;
			sourceTree = "<group>";
		};
		B46CA74D2BB83B3900B1221D /* Assembly */ = {
			isa = PBXGroup;
			children = (
				B46CA74E2BB83B4800B1221D /* MainAssembly.swift */,
			);
			path = Assembly;
			sourceTree = "<group>";
		};
		B46CA7502BB83B4D00B1221D /* Subviews and Cells */ = {
			isa = PBXGroup;
			children = (
				B4342C9A2BB9AD1B004D109A /* TableCell.swift */,
				B4342C9C2BB9AD8F004D109A /* TableHeader.swift */,
			);
			path = "Subviews and Cells";
			sourceTree = "<group>";
		};
		B46CA7512BB83B6400B1221D /* Presenter */ = {
			isa = PBXGroup;
			children = (
				B46CA7522BB83B7300B1221D /* MainPresenter.swift */,
			);
			path = Presenter;
			sourceTree = "<group>";
		};
		B46CA7542BB83B7D00B1221D /* Models */ = {
			isa = PBXGroup;
			children = (
				B46CA7552BB83B9C00B1221D /* MainViewModel.swift */,
			);
			path = Models;
			sourceTree = "<group>";
		};
		B46CA76E2BB841EF00B1221D /* MainModuleConstants */ = {
			isa = PBXGroup;
			children = (
				B46CA75A2BB83C3900B1221D /* MainNetworkConstants.swift */,
				B46CA75C2BB83C4F00B1221D /* Constants.swift */,
			);
			path = MainModuleConstants;
			sourceTree = "<group>";
		};
/* End PBXGroup section */

/* Begin PBXNativeTarget section */
		B46CA70E2BB838A100B1221D /* UlaServiceApp */ = {
			isa = PBXNativeTarget;
			buildConfigurationList = B46CA7392BB838A700B1221D /* Build configuration list for PBXNativeTarget "UlaServiceApp" */;
			buildPhases = (
				B46CA70B2BB838A100B1221D /* Sources */,
				B46CA70C2BB838A100B1221D /* Frameworks */,
				B46CA70D2BB838A100B1221D /* Resources */,
				B4342C8B2BB9A321004D109A /* Embed Frameworks */,
			);
			buildRules = (
			);
			dependencies = (
			);
			name = UlaServiceApp;
			packageProductDependencies = (
				B46CA7702BB8572500B1221D /* Kingfisher */,
				B4342C902BB9A6E7004D109A /* Alamofire */,
			);
			productName = UlaServiceApp;
			productReference = B46CA70F2BB838A100B1221D /* UlaServiceApp.app */;
			productType = "com.apple.product-type.application";
		};
		B46CA7242BB838A700B1221D /* UlaServiceAppTests */ = {
			isa = PBXNativeTarget;
			buildConfigurationList = B46CA73C2BB838A700B1221D /* Build configuration list for PBXNativeTarget "UlaServiceAppTests" */;
			buildPhases = (
				B46CA7212BB838A700B1221D /* Sources */,
				B46CA7222BB838A700B1221D /* Frameworks */,
				B46CA7232BB838A700B1221D /* Resources */,
			);
			buildRules = (
			);
			dependencies = (
				B46CA7272BB838A700B1221D /* PBXTargetDependency */,
			);
			name = UlaServiceAppTests;
			packageProductDependencies = (
				B4342C922BB9A6EF004D109A /* Alamofire */,
			);
			productName = UlaServiceAppTests;
			productReference = B46CA7252BB838A700B1221D /* UlaServiceAppTests.xctest */;
			productType = "com.apple.product-type.bundle.unit-test";
		};
		B46CA72E2BB838A700B1221D /* UlaServiceAppUITests */ = {
			isa = PBXNativeTarget;
			buildConfigurationList = B46CA73F2BB838A700B1221D /* Build configuration list for PBXNativeTarget "UlaServiceAppUITests" */;
			buildPhases = (
				B46CA72B2BB838A700B1221D /* Sources */,
				B46CA72C2BB838A700B1221D /* Frameworks */,
				B46CA72D2BB838A700B1221D /* Resources */,
			);
			buildRules = (
			);
			dependencies = (
				B46CA7312BB838A700B1221D /* PBXTargetDependency */,
			);
			name = UlaServiceAppUITests;
			packageProductDependencies = (
				B4342C942BB9A6F4004D109A /* Alamofire */,
			);
			productName = UlaServiceAppUITests;
			productReference = B46CA72F2BB838A700B1221D /* UlaServiceAppUITests.xctest */;
			productType = "com.apple.product-type.bundle.ui-testing";
		};
/* End PBXNativeTarget section */

/* Begin PBXProject section */
		B46CA7072BB838A100B1221D /* Project object */ = {
			isa = PBXProject;
			attributes = {
				BuildIndependentTargetsInParallel = 1;
				LastSwiftUpdateCheck = 1500;
				LastUpgradeCheck = 1500;
				TargetAttributes = {
					B46CA70E2BB838A100B1221D = {
						CreatedOnToolsVersion = 15.0.1;
					};
					B46CA7242BB838A700B1221D = {
						CreatedOnToolsVersion = 15.0.1;
						TestTargetID = B46CA70E2BB838A100B1221D;
					};
					B46CA72E2BB838A700B1221D = {
						CreatedOnToolsVersion = 15.0.1;
						TestTargetID = B46CA70E2BB838A100B1221D;
					};
				};
			};
			buildConfigurationList = B46CA70A2BB838A100B1221D /* Build configuration list for PBXProject "UlaServiceApp" */;
			compatibilityVersion = "Xcode 15.0";
			developmentRegion = en;
			hasScannedForEncodings = 0;
			knownRegions = (
				en,
				Base,
			);
			mainGroup = B46CA7062BB838A100B1221D;
			packageReferences = (
				B46CA75E2BB83CCE00B1221D /* XCRemoteSwiftPackageReference "Alamofire" */,
				B46CA76F2BB8572500B1221D /* XCRemoteSwiftPackageReference "Kingfisher" */,
			);
			productRefGroup = B46CA7102BB838A100B1221D /* Products */;
			projectDirPath = "";
			projectRoot = "";
			targets = (
				B46CA70E2BB838A100B1221D /* UlaServiceApp */,
				B46CA7242BB838A700B1221D /* UlaServiceAppTests */,
				B46CA72E2BB838A700B1221D /* UlaServiceAppUITests */,
			);
		};
/* End PBXProject section */

/* Begin PBXResourcesBuildPhase section */
		B46CA70D2BB838A100B1221D /* Resources */ = {
			isa = PBXResourcesBuildPhase;
			buildActionMask = 2147483647;
			files = (
				B46CA71F2BB838A600B1221D /* LaunchScreen.storyboard in Resources */,
				B46CA71C2BB838A600B1221D /* Assets.xcassets in Resources */,
			);
			runOnlyForDeploymentPostprocessing = 0;
		};
		B46CA7232BB838A700B1221D /* Resources */ = {
			isa = PBXResourcesBuildPhase;
			buildActionMask = 2147483647;
			files = (
			);
			runOnlyForDeploymentPostprocessing = 0;
		};
		B46CA72D2BB838A700B1221D /* Resources */ = {
			isa = PBXResourcesBuildPhase;
			buildActionMask = 2147483647;
			files = (
			);
			runOnlyForDeploymentPostprocessing = 0;
		};
/* End PBXResourcesBuildPhase section */

/* Begin PBXSourcesBuildPhase section */
		B46CA70B2BB838A100B1221D /* Sources */ = {
			isa = PBXSourcesBuildPhase;
			buildActionMask = 2147483647;
			files = (
				B46CA7652BB83EBF00B1221D /* MainManager.swift in Sources */,
				B4342C9B2BB9AD1B004D109A /* TableCell.swift in Sources */,
				B46CA7492BB83B1200B1221D /* MainProtocols.swift in Sources */,
				B46CA75D2BB83C4F00B1221D /* Constants.swift in Sources */,
				B45029642BB9C9B900E3E6C8 /* Background.swift in Sources */,
				B46CA7172BB838A100B1221D /* MainViewController.swift in Sources */,
				B4342C992BB9AC1F004D109A /* MainViewControllerWithTableView.swift in Sources */,
				B46CA75B2BB83C3900B1221D /* MainNetworkConstants.swift in Sources */,
				B45029622BB9C98C00E3E6C8 /* SplashScreenView.swift in Sources */,
				B46CA7132BB838A100B1221D /* AppDelegate.swift in Sources */,
				B4342C9D2BB9AD8F004D109A /* TableHeader.swift in Sources */,
				B46CA7582BB83C0200B1221D /* MainNetworkResponse.swift in Sources */,
				B46CA74F2BB83B4800B1221D /* MainAssembly.swift in Sources */,
				B46CA7532BB83B7300B1221D /* MainPresenter.swift in Sources */,
				B46CA7152BB838A100B1221D /* SceneDelegate.swift in Sources */,
				B46CA7562BB83B9C00B1221D /* MainViewModel.swift in Sources */,
				B4342C972BB9A87D004D109A /* DeeplinkManager.swift in Sources */,
			);
			runOnlyForDeploymentPostprocessing = 0;
		};
		B46CA7212BB838A700B1221D /* Sources */ = {
			isa = PBXSourcesBuildPhase;
			buildActionMask = 2147483647;
			files = (
				B46CA72A2BB838A700B1221D /* UlaServiceAppTests.swift in Sources */,
			);
			runOnlyForDeploymentPostprocessing = 0;
		};
		B46CA72B2BB838A700B1221D /* Sources */ = {
			isa = PBXSourcesBuildPhase;
			buildActionMask = 2147483647;
			files = (
				B46CA7342BB838A700B1221D /* UlaServiceAppUITests.swift in Sources */,
				B46CA7362BB838A700B1221D /* UlaServiceAppUITestsLaunchTests.swift in Sources */,
			);
			runOnlyForDeploymentPostprocessing = 0;
		};
/* End PBXSourcesBuildPhase section */

/* Begin PBXTargetDependency section */
		B46CA7272BB838A700B1221D /* PBXTargetDependency */ = {
			isa = PBXTargetDependency;
			target = B46CA70E2BB838A100B1221D /* UlaServiceApp */;
			targetProxy = B46CA7262BB838A700B1221D /* PBXContainerItemProxy */;
		};
		B46CA7312BB838A700B1221D /* PBXTargetDependency */ = {
			isa = PBXTargetDependency;
			target = B46CA70E2BB838A100B1221D /* UlaServiceApp */;
			targetProxy = B46CA7302BB838A700B1221D /* PBXContainerItemProxy */;
		};
/* End PBXTargetDependency section */

/* Begin PBXVariantGroup section */
		B46CA71D2BB838A600B1221D /* LaunchScreen.storyboard */ = {
			isa = PBXVariantGroup;
			children = (
				B46CA71E2BB838A600B1221D /* Base */,
			);
			name = LaunchScreen.storyboard;
			sourceTree = "<group>";
		};
/* End PBXVariantGroup section */

/* Begin XCBuildConfiguration section */
		B46CA7372BB838A700B1221D /* Debug */ = {
			isa = XCBuildConfiguration;
			buildSettings = {
				ALWAYS_SEARCH_USER_PATHS = NO;
				ASSETCATALOG_COMPILER_GENERATE_SWIFT_ASSET_SYMBOL_EXTENSIONS = YES;
				CLANG_ANALYZER_NONNULL = YES;
				CLANG_ANALYZER_NUMBER_OBJECT_CONVERSION = YES_AGGRESSIVE;
				CLANG_CXX_LANGUAGE_STANDARD = "gnu++20";
				CLANG_ENABLE_MODULES = YES;
				CLANG_ENABLE_OBJC_ARC = YES;
				CLANG_ENABLE_OBJC_WEAK = YES;
				CLANG_WARN_BLOCK_CAPTURE_AUTORELEASING = YES;
				CLANG_WARN_BOOL_CONVERSION = YES;
				CLANG_WARN_COMMA = YES;
				CLANG_WARN_CONSTANT_CONVERSION = YES;
				CLANG_WARN_DEPRECATED_OBJC_IMPLEMENTATIONS = YES;
				CLANG_WARN_DIRECT_OBJC_ISA_USAGE = YES_ERROR;
				CLANG_WARN_DOCUMENTATION_COMMENTS = YES;
				CLANG_WARN_EMPTY_BODY = YES;
				CLANG_WARN_ENUM_CONVERSION = YES;
				CLANG_WARN_INFINITE_RECURSION = YES;
				CLANG_WARN_INT_CONVERSION = YES;
				CLANG_WARN_NON_LITERAL_NULL_CONVERSION = YES;
				CLANG_WARN_OBJC_IMPLICIT_RETAIN_SELF = YES;
				CLANG_WARN_OBJC_LITERAL_CONVERSION = YES;
				CLANG_WARN_OBJC_ROOT_CLASS = YES_ERROR;
				CLANG_WARN_QUOTED_INCLUDE_IN_FRAMEWORK_HEADER = YES;
				CLANG_WARN_RANGE_LOOP_ANALYSIS = YES;
				CLANG_WARN_STRICT_PROTOTYPES = YES;
				CLANG_WARN_SUSPICIOUS_MOVE = YES;
				CLANG_WARN_UNGUARDED_AVAILABILITY = YES_AGGRESSIVE;
				CLANG_WARN_UNREACHABLE_CODE = YES;
				CLANG_WARN__DUPLICATE_METHOD_MATCH = YES;
				COPY_PHASE_STRIP = NO;
				DEBUG_INFORMATION_FORMAT = dwarf;
				ENABLE_STRICT_OBJC_MSGSEND = YES;
				ENABLE_TESTABILITY = YES;
				ENABLE_USER_SCRIPT_SANDBOXING = YES;
				GCC_C_LANGUAGE_STANDARD = gnu17;
				GCC_DYNAMIC_NO_PIC = NO;
				GCC_NO_COMMON_BLOCKS = YES;
				GCC_OPTIMIZATION_LEVEL = 0;
				GCC_PREPROCESSOR_DEFINITIONS = (
					"DEBUG=1",
					"$(inherited)",
				);
				GCC_WARN_64_TO_32_BIT_CONVERSION = YES;
				GCC_WARN_ABOUT_RETURN_TYPE = YES_ERROR;
				GCC_WARN_UNDECLARED_SELECTOR = YES;
				GCC_WARN_UNINITIALIZED_AUTOS = YES_AGGRESSIVE;
				GCC_WARN_UNUSED_FUNCTION = YES;
				GCC_WARN_UNUSED_VARIABLE = YES;
				IPHONEOS_DEPLOYMENT_TARGET = 15.0;
				LOCALIZATION_PREFERS_STRING_CATALOGS = YES;
				MTL_ENABLE_DEBUG_INFO = INCLUDE_SOURCE;
				MTL_FAST_MATH = YES;
				ONLY_ACTIVE_ARCH = YES;
				SDKROOT = iphoneos;
				SWIFT_ACTIVE_COMPILATION_CONDITIONS = "DEBUG $(inherited)";
				SWIFT_OPTIMIZATION_LEVEL = "-Onone";
			};
			name = Debug;
		};
		B46CA7382BB838A700B1221D /* Release */ = {
			isa = XCBuildConfiguration;
			buildSettings = {
				ALWAYS_SEARCH_USER_PATHS = NO;
				ASSETCATALOG_COMPILER_GENERATE_SWIFT_ASSET_SYMBOL_EXTENSIONS = YES;
				CLANG_ANALYZER_NONNULL = YES;
				CLANG_ANALYZER_NUMBER_OBJECT_CONVERSION = YES_AGGRESSIVE;
				CLANG_CXX_LANGUAGE_STANDARD = "gnu++20";
				CLANG_ENABLE_MODULES = YES;
				CLANG_ENABLE_OBJC_ARC = YES;
				CLANG_ENABLE_OBJC_WEAK = YES;
				CLANG_WARN_BLOCK_CAPTURE_AUTORELEASING = YES;
				CLANG_WARN_BOOL_CONVERSION = YES;
				CLANG_WARN_COMMA = YES;
				CLANG_WARN_CONSTANT_CONVERSION = YES;
				CLANG_WARN_DEPRECATED_OBJC_IMPLEMENTATIONS = YES;
				CLANG_WARN_DIRECT_OBJC_ISA_USAGE = YES_ERROR;
				CLANG_WARN_DOCUMENTATION_COMMENTS = YES;
				CLANG_WARN_EMPTY_BODY = YES;
				CLANG_WARN_ENUM_CONVERSION = YES;
				CLANG_WARN_INFINITE_RECURSION = YES;
				CLANG_WARN_INT_CONVERSION = YES;
				CLANG_WARN_NON_LITERAL_NULL_CONVERSION = YES;
				CLANG_WARN_OBJC_IMPLICIT_RETAIN_SELF = YES;
				CLANG_WARN_OBJC_LITERAL_CONVERSION = YES;
				CLANG_WARN_OBJC_ROOT_CLASS = YES_ERROR;
				CLANG_WARN_QUOTED_INCLUDE_IN_FRAMEWORK_HEADER = YES;
				CLANG_WARN_RANGE_LOOP_ANALYSIS = YES;
				CLANG_WARN_STRICT_PROTOTYPES = YES;
				CLANG_WARN_SUSPICIOUS_MOVE = YES;
				CLANG_WARN_UNGUARDED_AVAILABILITY = YES_AGGRESSIVE;
				CLANG_WARN_UNREACHABLE_CODE = YES;
				CLANG_WARN__DUPLICATE_METHOD_MATCH = YES;
				COPY_PHASE_STRIP = NO;
				DEBUG_INFORMATION_FORMAT = "dwarf-with-dsym";
				ENABLE_NS_ASSERTIONS = NO;
				ENABLE_STRICT_OBJC_MSGSEND = YES;
				ENABLE_USER_SCRIPT_SANDBOXING = YES;
				GCC_C_LANGUAGE_STANDARD = gnu17;
				GCC_NO_COMMON_BLOCKS = YES;
				GCC_WARN_64_TO_32_BIT_CONVERSION = YES;
				GCC_WARN_ABOUT_RETURN_TYPE = YES_ERROR;
				GCC_WARN_UNDECLARED_SELECTOR = YES;
				GCC_WARN_UNINITIALIZED_AUTOS = YES_AGGRESSIVE;
				GCC_WARN_UNUSED_FUNCTION = YES;
				GCC_WARN_UNUSED_VARIABLE = YES;
				IPHONEOS_DEPLOYMENT_TARGET = 15.0;
				LOCALIZATION_PREFERS_STRING_CATALOGS = YES;
				MTL_ENABLE_DEBUG_INFO = NO;
				MTL_FAST_MATH = YES;
				SDKROOT = iphoneos;
				SWIFT_COMPILATION_MODE = wholemodule;
				VALIDATE_PRODUCT = YES;
			};
			name = Release;
		};
		B46CA73A2BB838A700B1221D /* Debug */ = {
			isa = XCBuildConfiguration;
			buildSettings = {
				ASSETCATALOG_COMPILER_APPICON_NAME = AppIcon;
				ASSETCATALOG_COMPILER_GLOBAL_ACCENT_COLOR_NAME = AccentColor;
				CODE_SIGN_STYLE = Automatic;
				CURRENT_PROJECT_VERSION = 1;
				DEVELOPMENT_TEAM = TGA6X3S6V7;
				GENERATE_INFOPLIST_FILE = YES;
				INFOPLIST_FILE = "UlaServiceApp/Supporting Files/Info.plist";
				INFOPLIST_KEY_UIApplicationSupportsIndirectInputEvents = YES;
				INFOPLIST_KEY_UILaunchStoryboardName = LaunchScreen;
				INFOPLIST_KEY_UISupportedInterfaceOrientations_iPad = "UIInterfaceOrientationPortrait UIInterfaceOrientationPortraitUpsideDown UIInterfaceOrientationLandscapeLeft UIInterfaceOrientationLandscapeRight";
				INFOPLIST_KEY_UISupportedInterfaceOrientations_iPhone = "UIInterfaceOrientationPortrait UIInterfaceOrientationLandscapeLeft UIInterfaceOrientationLandscapeRight";
				IPHONEOS_DEPLOYMENT_TARGET = 15.0;
				LD_RUNPATH_SEARCH_PATHS = (
					"$(inherited)",
					"@executable_path/Frameworks",
				);
				MARKETING_VERSION = 1.0;
				PRODUCT_BUNDLE_IDENTIFIER = VkEdTeam.UlaServiceApp;
				PRODUCT_NAME = "$(TARGET_NAME)";
				SUPPORTED_PLATFORMS = "iphoneos iphonesimulator";
				SUPPORTS_MACCATALYST = NO;
				SUPPORTS_MAC_DESIGNED_FOR_IPHONE_IPAD = NO;
				SWIFT_EMIT_LOC_STRINGS = YES;
				SWIFT_VERSION = 5.0;
				TARGETED_DEVICE_FAMILY = "1,2";
			};
			name = Debug;
		};
		B46CA73B2BB838A700B1221D /* Release */ = {
			isa = XCBuildConfiguration;
			buildSettings = {
				ASSETCATALOG_COMPILER_APPICON_NAME = AppIcon;
				ASSETCATALOG_COMPILER_GLOBAL_ACCENT_COLOR_NAME = AccentColor;
				CODE_SIGN_STYLE = Automatic;
				CURRENT_PROJECT_VERSION = 1;
				DEVELOPMENT_TEAM = TGA6X3S6V7;
				GENERATE_INFOPLIST_FILE = YES;
				INFOPLIST_FILE = "UlaServiceApp/Supporting Files/Info.plist";
				INFOPLIST_KEY_UIApplicationSupportsIndirectInputEvents = YES;
				INFOPLIST_KEY_UILaunchStoryboardName = LaunchScreen;
				INFOPLIST_KEY_UISupportedInterfaceOrientations_iPad = "UIInterfaceOrientationPortrait UIInterfaceOrientationPortraitUpsideDown UIInterfaceOrientationLandscapeLeft UIInterfaceOrientationLandscapeRight";
				INFOPLIST_KEY_UISupportedInterfaceOrientations_iPhone = "UIInterfaceOrientationPortrait UIInterfaceOrientationLandscapeLeft UIInterfaceOrientationLandscapeRight";
				IPHONEOS_DEPLOYMENT_TARGET = 15.0;
				LD_RUNPATH_SEARCH_PATHS = (
					"$(inherited)",
					"@executable_path/Frameworks",
				);
				MARKETING_VERSION = 1.0;
				PRODUCT_BUNDLE_IDENTIFIER = VkEdTeam.UlaServiceApp;
				PRODUCT_NAME = "$(TARGET_NAME)";
				SUPPORTED_PLATFORMS = "iphoneos iphonesimulator";
				SUPPORTS_MACCATALYST = NO;
				SUPPORTS_MAC_DESIGNED_FOR_IPHONE_IPAD = NO;
				SWIFT_EMIT_LOC_STRINGS = YES;
				SWIFT_VERSION = 5.0;
				TARGETED_DEVICE_FAMILY = "1,2";
			};
			name = Release;
		};
		B46CA73D2BB838A700B1221D /* Debug */ = {
			isa = XCBuildConfiguration;
			buildSettings = {
				ALWAYS_EMBED_SWIFT_STANDARD_LIBRARIES = YES;
				BUNDLE_LOADER = "$(TEST_HOST)";
				CODE_SIGN_STYLE = Automatic;
				CURRENT_PROJECT_VERSION = 1;
				DEVELOPMENT_TEAM = TGA6X3S6V7;
				GENERATE_INFOPLIST_FILE = YES;
				IPHONEOS_DEPLOYMENT_TARGET = 15.0;
				MARKETING_VERSION = 1.0;
				PRODUCT_BUNDLE_IDENTIFIER = VkEdTeam.UlaServiceAppTests;
				PRODUCT_NAME = "$(TARGET_NAME)";
				SUPPORTED_PLATFORMS = "iphoneos iphonesimulator";
				SUPPORTS_MACCATALYST = NO;
				SUPPORTS_MAC_DESIGNED_FOR_IPHONE_IPAD = NO;
				SWIFT_EMIT_LOC_STRINGS = NO;
				SWIFT_VERSION = 5.0;
				TARGETED_DEVICE_FAMILY = "1,2";
				TEST_HOST = "$(BUILT_PRODUCTS_DIR)/UlaServiceApp.app/$(BUNDLE_EXECUTABLE_FOLDER_PATH)/UlaServiceApp";
			};
			name = Debug;
		};
		B46CA73E2BB838A700B1221D /* Release */ = {
			isa = XCBuildConfiguration;
			buildSettings = {
				ALWAYS_EMBED_SWIFT_STANDARD_LIBRARIES = YES;
				BUNDLE_LOADER = "$(TEST_HOST)";
				CODE_SIGN_STYLE = Automatic;
				CURRENT_PROJECT_VERSION = 1;
				DEVELOPMENT_TEAM = TGA6X3S6V7;
				GENERATE_INFOPLIST_FILE = YES;
				IPHONEOS_DEPLOYMENT_TARGET = 15.0;
				MARKETING_VERSION = 1.0;
				PRODUCT_BUNDLE_IDENTIFIER = VkEdTeam.UlaServiceAppTests;
				PRODUCT_NAME = "$(TARGET_NAME)";
				SUPPORTED_PLATFORMS = "iphoneos iphonesimulator";
				SUPPORTS_MACCATALYST = NO;
				SUPPORTS_MAC_DESIGNED_FOR_IPHONE_IPAD = NO;
				SWIFT_EMIT_LOC_STRINGS = NO;
				SWIFT_VERSION = 5.0;
				TARGETED_DEVICE_FAMILY = "1,2";
				TEST_HOST = "$(BUILT_PRODUCTS_DIR)/UlaServiceApp.app/$(BUNDLE_EXECUTABLE_FOLDER_PATH)/UlaServiceApp";
			};
			name = Release;
		};
		B46CA7402BB838A700B1221D /* Debug */ = {
			isa = XCBuildConfiguration;
			buildSettings = {
				ALWAYS_EMBED_SWIFT_STANDARD_LIBRARIES = YES;
				CODE_SIGN_STYLE = Automatic;
				CURRENT_PROJECT_VERSION = 1;
				DEVELOPMENT_TEAM = TGA6X3S6V7;
				GENERATE_INFOPLIST_FILE = YES;
				IPHONEOS_DEPLOYMENT_TARGET = 15.0;
				MARKETING_VERSION = 1.0;
				PRODUCT_BUNDLE_IDENTIFIER = VkEdTeam.UlaServiceAppUITests;
				PRODUCT_NAME = "$(TARGET_NAME)";
				SUPPORTED_PLATFORMS = "iphoneos iphonesimulator";
				SUPPORTS_MACCATALYST = NO;
				SUPPORTS_MAC_DESIGNED_FOR_IPHONE_IPAD = NO;
				SWIFT_EMIT_LOC_STRINGS = NO;
				SWIFT_VERSION = 5.0;
				TARGETED_DEVICE_FAMILY = "1,2";
				TEST_TARGET_NAME = UlaServiceApp;
			};
			name = Debug;
		};
		B46CA7412BB838A700B1221D /* Release */ = {
			isa = XCBuildConfiguration;
			buildSettings = {
				ALWAYS_EMBED_SWIFT_STANDARD_LIBRARIES = YES;
				CODE_SIGN_STYLE = Automatic;
				CURRENT_PROJECT_VERSION = 1;
				DEVELOPMENT_TEAM = TGA6X3S6V7;
				GENERATE_INFOPLIST_FILE = YES;
				IPHONEOS_DEPLOYMENT_TARGET = 15.0;
				MARKETING_VERSION = 1.0;
				PRODUCT_BUNDLE_IDENTIFIER = VkEdTeam.UlaServiceAppUITests;
				PRODUCT_NAME = "$(TARGET_NAME)";
				SUPPORTED_PLATFORMS = "iphoneos iphonesimulator";
				SUPPORTS_MACCATALYST = NO;
				SUPPORTS_MAC_DESIGNED_FOR_IPHONE_IPAD = NO;
				SWIFT_EMIT_LOC_STRINGS = NO;
				SWIFT_VERSION = 5.0;
				TARGETED_DEVICE_FAMILY = "1,2";
				TEST_TARGET_NAME = UlaServiceApp;
			};
			name = Release;
		};
/* End XCBuildConfiguration section */

/* Begin XCConfigurationList section */
		B46CA70A2BB838A100B1221D /* Build configuration list for PBXProject "UlaServiceApp" */ = {
			isa = XCConfigurationList;
			buildConfigurations = (
				B46CA7372BB838A700B1221D /* Debug */,
				B46CA7382BB838A700B1221D /* Release */,
			);
			defaultConfigurationIsVisible = 0;
			defaultConfigurationName = Release;
		};
		B46CA7392BB838A700B1221D /* Build configuration list for PBXNativeTarget "UlaServiceApp" */ = {
			isa = XCConfigurationList;
			buildConfigurations = (
				B46CA73A2BB838A700B1221D /* Debug */,
				B46CA73B2BB838A700B1221D /* Release */,
			);
			defaultConfigurationIsVisible = 0;
			defaultConfigurationName = Release;
		};
		B46CA73C2BB838A700B1221D /* Build configuration list for PBXNativeTarget "UlaServiceAppTests" */ = {
			isa = XCConfigurationList;
			buildConfigurations = (
				B46CA73D2BB838A700B1221D /* Debug */,
				B46CA73E2BB838A700B1221D /* Release */,
			);
			defaultConfigurationIsVisible = 0;
			defaultConfigurationName = Release;
		};
		B46CA73F2BB838A700B1221D /* Build configuration list for PBXNativeTarget "UlaServiceAppUITests" */ = {
			isa = XCConfigurationList;
			buildConfigurations = (
				B46CA7402BB838A700B1221D /* Debug */,
				B46CA7412BB838A700B1221D /* Release */,
			);
			defaultConfigurationIsVisible = 0;
			defaultConfigurationName = Release;
		};
/* End XCConfigurationList section */

/* Begin XCRemoteSwiftPackageReference section */
		B46CA75E2BB83CCE00B1221D /* XCRemoteSwiftPackageReference "Alamofire" */ = {
			isa = XCRemoteSwiftPackageReference;
			repositoryURL = "https://github.com/Alamofire/Alamofire.git";
			requirement = {
				kind = upToNextMajorVersion;
				minimumVersion = 5.9.0;
			};
		};
		B46CA76F2BB8572500B1221D /* XCRemoteSwiftPackageReference "Kingfisher" */ = {
			isa = XCRemoteSwiftPackageReference;
			repositoryURL = "https://github.com/onevcat/Kingfisher.git";
			requirement = {
				kind = upToNextMajorVersion;
				minimumVersion = 7.11.0;
			};
		};
/* End XCRemoteSwiftPackageReference section */

/* Begin XCSwiftPackageProductDependency section */
		B4342C902BB9A6E7004D109A /* Alamofire */ = {
			isa = XCSwiftPackageProductDependency;
			package = B46CA75E2BB83CCE00B1221D /* XCRemoteSwiftPackageReference "Alamofire" */;
			productName = Alamofire;
		};
		B4342C922BB9A6EF004D109A /* Alamofire */ = {
			isa = XCSwiftPackageProductDependency;
			package = B46CA75E2BB83CCE00B1221D /* XCRemoteSwiftPackageReference "Alamofire" */;
			productName = Alamofire;
		};
		B4342C942BB9A6F4004D109A /* Alamofire */ = {
			isa = XCSwiftPackageProductDependency;
			package = B46CA75E2BB83CCE00B1221D /* XCRemoteSwiftPackageReference "Alamofire" */;
			productName = Alamofire;
		};
		B46CA7702BB8572500B1221D /* Kingfisher */ = {
			isa = XCSwiftPackageProductDependency;
			package = B46CA76F2BB8572500B1221D /* XCRemoteSwiftPackageReference "Kingfisher" */;
			productName = Kingfisher;
		};
/* End XCSwiftPackageProductDependency section */
	};
	rootObject = B46CA7072BB838A100B1221D /* Project object */;
}
